
Microsoft Visual Studio Solution File, Format Version 11.00
# Visual Studio 2010
Project("{FAE04EC0-301F-11D3-BF4B-00C04F79EFBC}") = "0Harmony.2", "0Harmony.2\0Harmony.2.csproj", "{BAC4F8EA-8A2B-488D-9400-B91B9157FEA2}"
EndProject
Project("{FAE04EC0-301F-11D3-BF4B-00C04F79EFBC}") = "0Harmony.3", "0Harmony.3\0Harmony.3.csproj", "{BAC4F8EA-8A2B-488D-9400-B91B9157FE73}"
EndProject
Project("{FAE04EC0-301F-11D3-BF4B-00C04F79EFBC}") = "0Harmony.4", "0Harmony.4\0Harmony.4.csproj", "{BAC4F8EA-8A2B-488D-9400-B91B9157FE93}"
EndProject
Project("{FAE04EC0-301F-11D3-BF4B-00C04F79EFBC}") = "0Harmony.5", "0Harmony.5\0Harmony.5.csproj", "{BAC4F8EA-8A2B-488D-9400-B91B9157FE84}"
EndProject
Project("{FAE04EC0-301F-11D3-BF4B-00C04F79EFBC}") = "0Harmony.6", "0Harmony.6\0Harmony.6.csproj", "{BAC4F8EA-8A2B-488D-9400-B91B9157FE6E}"
EndProject
Project("{FAE04EC0-301F-11D3-BF4B-00C04F79EFBC}") = "0Harmony", "0Harmony\0Harmony.csproj", "{BAC4F8EA-8A2B-488D-9400-B91B9157FE9B}"
EndProject
Project("{FAE04EC0-301F-11D3-BF4B-00C04F79EFBC}") = "Agniratha", "Agniratha\Agniratha.csproj", "{BAC4F8EA-8A2B-488D-9400-B91B9157FE68}"
EndProject
Project("{FAE04EC0-301F-11D3-BF4B-00C04F79EFBC}") = "Alcamoth", "Alcamoth\Alcamoth.csproj", "{BAC4F8EA-8A2B-488D-9400-B91B9157FE69}"
EndProject
Project("{FAE04EC0-301F-11D3-BF4B-00C04F79EFBC}") = "Amenotejikara", "Amenotejikara\Amenotejikara.csproj", "{BAC4F8EA-8A2B-488D-9400-B91B9157FE6A}"
EndProject
Project("{FAE04EC0-301F-11D3-BF4B-00C04F79EFBC}") = "Armiger", "Armiger\Armiger.csproj", "{BAC4F8EA-8A2B-488D-9400-B91B9157FE8F}"
EndProject
Project("{FAE04EC0-301F-11D3-BF4B-00C04F79EFBC}") = "BionisLeg", "BionisLeg\BionisLeg.csproj", "{BAC4F8EA-8A2B-488D-9400-B91B9157FE7E}"
EndProject
Project("{FAE04EC0-301F-11D3-BF4B-00C04F79EFBC}") = "BlackHoleScript", "BlackHoleScript\BlackHoleScript.csproj", "{BAC4F8EA-8A2B-488D-9400-B91B9157FE6B}"
EndProject
Project("{FAE04EC0-301F-11D3-BF4B-00C04F79EFBC}") = "BloodMagic", "BloodMagic\BloodMagic.csproj", "{BAC4F8EA-8A2B-488D-9400-B91B9157FE72}"
EndProject
Project("{FAE04EC0-301F-11D3-BF4B-00C04F79EFBC}") = "BroomHandling", "BroomHandling\BroomHandling.csproj", "{BAC4F8EA-8A2B-488D-9400-B91B9157FE81}"
EndProject
Project("{FAE04EC0-301F-11D3-BF4B-00C04F79EFBC}") = "CaptainModule", "CaptainModule\CaptainModule.csproj", "{BAC4F8EA-8A2B-488D-9400-B91B9157FE88}"
EndProject
Project("{FAE04EC0-301F-11D3-BF4B-00C04F79EFBC}") = "CustomAvatarFramework", "CustomAvatarFramework\CustomAvatarFramework.csproj", "{BAC4F8EA-8A2B-488D-9400-B91B9157FE6F}"
EndProject
Project("{FAE04EC0-301F-11D3-BF4B-00C04F79EFBC}") = "DismemberRageSpell", "DismemberRageSpell\DismemberRageSpell.csproj", "{BAC4F8EA-8A2B-488D-9400-B91B9157FE74}"
EndProject
Project("{FAE04EC0-301F-11D3-BF4B-00C04F79EFBC}") = "DominoSpell.2", "DominoSpell.2\DominoSpell.2.csproj", "{BAC4F8EA-8A2B-488D-9400-B91B9157FE70}"
EndProject
Project("{FAE04EC0-301F-11D3-BF4B-00C04F79EFBC}") = "DominoSpell", "DominoSpell\DominoSpell.csproj", "{BAC4F8EA-8A2B-488D-9400-B91B9157FE75}"
EndProject
Project("{FAE04EC0-301F-11D3-BF4B-00C04F79EFBC}") = "DynamicModule", "DynamicModule\DynamicModule.csproj", "{BAC4F8EA-8A2B-488D-9400-B91B9157FE89}"
EndProject
Project("{FAE04EC0-301F-11D3-BF4B-00C04F79EFBC}") = "EarthBendingSpell", "EarthBendingSpell\EarthBendingSpell.csproj", "{BAC4F8EA-8A2B-488D-9400-B91B9157FE7F}"
EndProject
Project("{FAE04EC0-301F-11D3-BF4B-00C04F79EFBC}") = "ExplodingFireballs", "ExplodingFireballs\ExplodingFireballs.csproj", "{BAC4F8EA-8A2B-488D-9400-B91B9157FE76}"
EndProject
Project("{FAE04EC0-301F-11D3-BF4B-00C04F79EFBC}") = "GhettosLaserEyes", "GhettosLaserEyes\GhettosLaserEyes.csproj", "{BAC4F8EA-8A2B-488D-9400-B91B9157FE80}"
EndProject
Project("{FAE04EC0-301F-11D3-BF4B-00C04F79EFBC}") = "HandleLib", "HandleLib\HandleLib.csproj", "{BAC4F8EA-8A2B-488D-9400-B91B9157FE9D}"
EndProject
Project("{FAE04EC0-301F-11D3-BF4B-00C04F79EFBC}") = "Heartbreaker", "Heartbreaker\Heartbreaker.csproj", "{BAC4F8EA-8A2B-488D-9400-B91B9157FE85}"
EndProject
Project("{FAE04EC0-301F-11D3-BF4B-00C04F79EFBC}") = "HighEntiaTomb", "HighEntiaTomb\HighEntiaTomb.csproj", "{BAC4F8EA-8A2B-488D-9400-B91B9157FE92}"
EndProject
Project("{FAE04EC0-301F-11D3-BF4B-00C04F79EFBC}") = "Honorless", "Honorless\Honorless.csproj", "{BAC4F8EA-8A2B-488D-9400-B91B9157FE98}"
EndProject
Project("{FAE04EC0-301F-11D3-BF4B-00C04F79EFBC}") = "Honour", "Honour\Honour.csproj", "{BAC4F8EA-8A2B-488D-9400-B91B9157FE94}"
EndProject
Project("{FAE04EC0-301F-11D3-BF4B-00C04F79EFBC}") = "InputSteamVR_Patch", "InputSteamVR_Patch\InputSteamVR_Patch.csproj", "{BAC4F8EA-8A2B-488D-9400-B91B9157FE9C}"
EndProject
Project("{FAE04EC0-301F-11D3-BF4B-00C04F79EFBC}") = "Kamui", "Kamui\Kamui.csproj", "{BAC4F8EA-8A2B-488D-9400-B91B9157FE86}"
EndProject
Project("{FAE04EC0-301F-11D3-BF4B-00C04F79EFBC}") = "LightningReflex", "LightningReflex\LightningReflex.csproj", "{BAC4F8EA-8A2B-488D-9400-B91B9157FE87}"
EndProject
Project("{FAE04EC0-301F-11D3-BF4B-00C04F79EFBC}") = "LightningSpear", "LightningSpear\LightningSpear.csproj", "{BAC4F8EA-8A2B-488D-9400-B91B9157FE77}"
EndProject
Project("{FAE04EC0-301F-11D3-BF4B-00C04F79EFBC}") = "LioScripts.2", "LioScripts.2\LioScripts.2.csproj", "{BAC4F8EA-8A2B-488D-9400-B91B9157FE91}"
EndProject
Project("{FAE04EC0-301F-11D3-BF4B-00C04F79EFBC}") = "LioScripts", "LioScripts\LioScripts.csproj", "{BAC4F8EA-8A2B-488D-9400-B91B9157FE8E}"
EndProject
Project("{FAE04EC0-301F-11D3-BF4B-00C04F79EFBC}") = "LuckyBlocksLite", "LuckyBlocksLite\LuckyBlocksLite.csproj", "{BAC4F8EA-8A2B-488D-9400-B91B9157FE8A}"
EndProject
Project("{FAE04EC0-301F-11D3-BF4B-00C04F79EFBC}") = "MergesSpellsUp", "MergesSpellsUp\MergesSpellsUp.csproj", "{BAC4F8EA-8A2B-488D-9400-B91B9157FE78}"
EndProject
Project("{FAE04EC0-301F-11D3-BF4B-00C04F79EFBC}") = "MeteorFall", "MeteorFall\MeteorFall.csproj", "{BAC4F8EA-8A2B-488D-9400-B91B9157FE8B}"
EndProject
Project("{FAE04EC0-301F-11D3-BF4B-00C04F79EFBC}") = "ModularFirearms", "ModularFirearms\ModularFirearms.csproj", "{BAC4F8EA-8A2B-488D-9400-B91B9157FE8C}"
EndProject
Project("{FAE04EC0-301F-11D3-BF4B-00C04F79EFBC}") = "MoreSlots", "MoreSlots\MoreSlots.csproj", "{BAC4F8EA-8A2B-488D-9400-B91B9157FE9E}"
EndProject
Project("{FAE04EC0-301F-11D3-BF4B-00C04F79EFBC}") = "MysticHands", "MysticHands\MysticHands.csproj", "{BAC4F8EA-8A2B-488D-9400-B91B9157FE8D}"
EndProject
Project("{FAE04EC0-301F-11D3-BF4B-00C04F79EFBC}") = "PlanetaryDevastation", "PlanetaryDevastation\PlanetaryDevastation.csproj", "{BAC4F8EA-8A2B-488D-9400-B91B9157FE9F}"
EndProject
Project("{FAE04EC0-301F-11D3-BF4B-00C04F79EFBC}") = "ReturnerV2", "ReturnerV2\ReturnerV2.csproj", "{BAC4F8EA-8A2B-488D-9400-B91B9157FE6D}"
EndProject
Project("{FAE04EC0-301F-11D3-BF4B-00C04F79EFBC}") = "SaberMod", "SaberMod\SaberMod.csproj", "{BAC4F8EA-8A2B-488D-9400-B91B9157FEA0}"
EndProject
Project("{FAE04EC0-301F-11D3-BF4B-00C04F79EFBC}") = "Sectory", "Sectory\Sectory.csproj", "{BAC4F8EA-8A2B-488D-9400-B91B9157FE79}"
EndProject
Project("{FAE04EC0-301F-11D3-BF4B-00C04F79EFBC}") = "Shatterblade", "Shatterblade\Shatterblade.csproj", "{BAC4F8EA-8A2B-488D-9400-B91B9157FE90}"
EndProject
Project("{FAE04EC0-301F-11D3-BF4B-00C04F79EFBC}") = "SheathFramework", "SheathFramework\SheathFramework.csproj", "{BAC4F8EA-8A2B-488D-9400-B91B9157FE95}"
EndProject
Project("{FAE04EC0-301F-11D3-BF4B-00C04F79EFBC}") = "SoulFire", "SoulFire\SoulFire.csproj", "{BAC4F8EA-8A2B-488D-9400-B91B9157FE7A}"
EndProject
Project("{FAE04EC0-301F-11D3-BF4B-00C04F79EFBC}") = "SpectralArmory", "SpectralArmory\SpectralArmory.csproj", "{BAC4F8EA-8A2B-488D-9400-B91B9157FEA1}"
EndProject
Project("{FAE04EC0-301F-11D3-BF4B-00C04F79EFBC}") = "SpellCastIce", "SpellCastIce\SpellCastIce.csproj", "{BAC4F8EA-8A2B-488D-9400-B91B9157FE99}"
EndProject
Project("{FAE04EC0-301F-11D3-BF4B-00C04F79EFBC}") = "SpellWheelEnhancerU11", "SpellWheelEnhancerU11\SpellWheelEnhancerU11.csproj", "{BAC4F8EA-8A2B-488D-9400-B91B9157FEA3}"
EndProject
Project("{FAE04EC0-301F-11D3-BF4B-00C04F79EFBC}") = "Spider", "Spider\Spider.csproj", "{BAC4F8EA-8A2B-488D-9400-B91B9157FE7B}"
EndProject
Project("{FAE04EC0-301F-11D3-BF4B-00C04F79EFBC}") = "StableChain", "StableChain\StableChain.csproj", "{BAC4F8EA-8A2B-488D-9400-B91B9157FE71}"
EndProject
Project("{FAE04EC0-301F-11D3-BF4B-00C04F79EFBC}") = "SteamVR_Actions", "SteamVR_Actions\SteamVR_Actions.csproj", "{BAC4F8EA-8A2B-488D-9400-B91B9157FE9A}"
EndProject
Project("{FAE04EC0-301F-11D3-BF4B-00C04F79EFBC}") = "SurvivableDismemberment", "SurvivableDismemberment\SurvivableDismemberment.csproj", "{BAC4F8EA-8A2B-488D-9400-B91B9157FEA4}"
EndProject
Project("{FAE04EC0-301F-11D3-BF4B-00C04F79EFBC}") = "SwordBeam", "SwordBeam\SwordBeam.csproj", "{BAC4F8EA-8A2B-488D-9400-B91B9157FEA5}"
EndProject
Project("{FAE04EC0-301F-11D3-BF4B-00C04F79EFBC}") = "SwordDash", "SwordDash\SwordDash.csproj", "{BAC4F8EA-8A2B-488D-9400-B91B9157FEA6}"
EndProject
Project("{FAE04EC0-301F-11D3-BF4B-00C04F79EFBC}") = "System.Speech.2", "System.Speech.2\System.Speech.2.csproj", "{BAC4F8EA-8A2B-488D-9400-B91B9157FE96}"
EndProject
Project("{FAE04EC0-301F-11D3-BF4B-00C04F79EFBC}") = "System.Speech", "System.Speech\System.Speech.csproj", "{BAC4F8EA-8A2B-488D-9400-B91B9157FE82}"
EndProject
Project("{FAE04EC0-301F-11D3-BF4B-00C04F79EFBC}") = "Threat", "Threat\Threat.csproj", "{BAC4F8EA-8A2B-488D-9400-B91B9157FE97}"
EndProject
Project("{FAE04EC0-301F-11D3-BF4B-00C04F79EFBC}") = "TimeStopSpell", "TimeStopSpell\TimeStopSpell.csproj", "{BAC4F8EA-8A2B-488D-9400-B91B9157FEA7}"
EndProject
Project("{FAE04EC0-301F-11D3-BF4B-00C04F79EFBC}") = "TotT", "TotT\TotT.csproj", "{BAC4F8EA-8A2B-488D-9400-B91B9157FEA8}"
EndProject
Project("{FAE04EC0-301F-11D3-BF4B-00C04F79EFBC}") = "UltimateFantasyPack", "UltimateFantasyPack\UltimateFantasyPack.csproj", "{BAC4F8EA-8A2B-488D-9400-B91B9157FE7C}"
EndProject
Project("{FAE04EC0-301F-11D3-BF4B-00C04F79EFBC}") = "UltimateLightsaber", "UltimateLightsaber\UltimateLightsaber.csproj", "{BAC4F8EA-8A2B-488D-9400-B91B9157FE7D}"
EndProject
Project("{FAE04EC0-301F-11D3-BF4B-00C04F79EFBC}") = "WandSpellss", "WandSpellss\WandSpellss.csproj", "{BAC4F8EA-8A2B-488D-9400-B91B9157FE83}"
EndProject
Project("{FAE04EC0-301F-11D3-BF4B-00C04F79EFBC}") = "WeaponReturning", "WeaponReturning\WeaponReturning.csproj", "{BAC4F8EA-8A2B-488D-9400-B91B9157FE6C}"
EndProject
Project("{FAE04EC0-301F-11D3-BF4B-00C04F79EFBC}") = "WristFlamethrower", "WristFlamethrower\WristFlamethrower.csproj", "{BAC4F8EA-8A2B-488D-9400-B91B9157FEA9}"
EndProject
Project("{FAE04EC0-301F-11D3-BF4B-00C04F79EFBC}") = "Yamato", "Yamato\Yamato.csproj", "{BAC4F8EA-8A2B-488D-9400-B91B9157FEAA}"
EndProject
Global
	GlobalSection(SolutionConfigurationPlatforms) = preSolution
		Debug|Any CPU = Debug|Any CPU
		Release|Any CPU = Release|Any CPU
	EndGlobalSection
	GlobalSection(ProjectConfigurationPlatforms) = postSolution
		{BAC4F8EA-8A2B-488D-9400-B91B9157FEA2}.Debug|Any CPU.ActiveCfg = Debug|Any CPU
		{BAC4F8EA-8A2B-488D-9400-B91B9157FEA2}.Debug|Any CPU.Build.0 = Debug|Any CPU
		{BAC4F8EA-8A2B-488D-9400-B91B9157FEA2}.Release|Any CPU.ActiveCfg = Release|Any CPU
		{BAC4F8EA-8A2B-488D-9400-B91B9157FEA2}.Release|Any CPU.Build.0 = Release|Any CPU
		{BAC4F8EA-8A2B-488D-9400-B91B9157FE73}.Debug|Any CPU.ActiveCfg = Debug|Any CPU
		{BAC4F8EA-8A2B-488D-9400-B91B9157FE73}.Debug|Any CPU.Build.0 = Debug|Any CPU
		{BAC4F8EA-8A2B-488D-9400-B91B9157FE73}.Release|Any CPU.ActiveCfg = Release|Any CPU
		{BAC4F8EA-8A2B-488D-9400-B91B9157FE73}.Release|Any CPU.Build.0 = Release|Any CPU
		{BAC4F8EA-8A2B-488D-9400-B91B9157FE93}.Debug|Any CPU.ActiveCfg = Debug|Any CPU
		{BAC4F8EA-8A2B-488D-9400-B91B9157FE93}.Debug|Any CPU.Build.0 = Debug|Any CPU
		{BAC4F8EA-8A2B-488D-9400-B91B9157FE93}.Release|Any CPU.ActiveCfg = Release|Any CPU
		{BAC4F8EA-8A2B-488D-9400-B91B9157FE93}.Release|Any CPU.Build.0 = Release|Any CPU
		{BAC4F8EA-8A2B-488D-9400-B91B9157FE84}.Debug|Any CPU.ActiveCfg = Debug|Any CPU
		{BAC4F8EA-8A2B-488D-9400-B91B9157FE84}.Debug|Any CPU.Build.0 = Debug|Any CPU
		{BAC4F8EA-8A2B-488D-9400-B91B9157FE84}.Release|Any CPU.ActiveCfg = Release|Any CPU
		{BAC4F8EA-8A2B-488D-9400-B91B9157FE84}.Release|Any CPU.Build.0 = Release|Any CPU
		{BAC4F8EA-8A2B-488D-9400-B91B9157FE6E}.Debug|Any CPU.ActiveCfg = Debug|Any CPU
		{BAC4F8EA-8A2B-488D-9400-B91B9157FE6E}.Debug|Any CPU.Build.0 = Debug|Any CPU
		{BAC4F8EA-8A2B-488D-9400-B91B9157FE6E}.Release|Any CPU.ActiveCfg = Release|Any CPU
		{BAC4F8EA-8A2B-488D-9400-B91B9157FE6E}.Release|Any CPU.Build.0 = Release|Any CPU
		{BAC4F8EA-8A2B-488D-9400-B91B9157FE9B}.Debug|Any CPU.ActiveCfg = Debug|Any CPU
		{BAC4F8EA-8A2B-488D-9400-B91B9157FE9B}.Debug|Any CPU.Build.0 = Debug|Any CPU
		{BAC4F8EA-8A2B-488D-9400-B91B9157FE9B}.Release|Any CPU.ActiveCfg = Release|Any CPU
		{BAC4F8EA-8A2B-488D-9400-B91B9157FE9B}.Release|Any CPU.Build.0 = Release|Any CPU
		{BAC4F8EA-8A2B-488D-9400-B91B9157FE68}.Debug|Any CPU.ActiveCfg = Debug|Any CPU
		{BAC4F8EA-8A2B-488D-9400-B91B9157FE68}.Debug|Any CPU.Build.0 = Debug|Any CPU
		{BAC4F8EA-8A2B-488D-9400-B91B9157FE68}.Release|Any CPU.ActiveCfg = Release|Any CPU
		{BAC4F8EA-8A2B-488D-9400-B91B9157FE68}.Release|Any CPU.Build.0 = Release|Any CPU
		{BAC4F8EA-8A2B-488D-9400-B91B9157FE69}.Debug|Any CPU.ActiveCfg = Debug|Any CPU
		{BAC4F8EA-8A2B-488D-9400-B91B9157FE69}.Debug|Any CPU.Build.0 = Debug|Any CPU
		{BAC4F8EA-8A2B-488D-9400-B91B9157FE69}.Release|Any CPU.ActiveCfg = Release|Any CPU
		{BAC4F8EA-8A2B-488D-9400-B91B9157FE69}.Release|Any CPU.Build.0 = Release|Any CPU
		{BAC4F8EA-8A2B-488D-9400-B91B9157FE6A}.Debug|Any CPU.ActiveCfg = Debug|Any CPU
		{BAC4F8EA-8A2B-488D-9400-B91B9157FE6A}.Debug|Any CPU.Build.0 = Debug|Any CPU
		{BAC4F8EA-8A2B-488D-9400-B91B9157FE6A}.Release|Any CPU.ActiveCfg = Release|Any CPU
		{BAC4F8EA-8A2B-488D-9400-B91B9157FE6A}.Release|Any CPU.Build.0 = Release|Any CPU
		{BAC4F8EA-8A2B-488D-9400-B91B9157FE8F}.Debug|Any CPU.ActiveCfg = Debug|Any CPU
		{BAC4F8EA-8A2B-488D-9400-B91B9157FE8F}.Debug|Any CPU.Build.0 = Debug|Any CPU
		{BAC4F8EA-8A2B-488D-9400-B91B9157FE8F}.Release|Any CPU.ActiveCfg = Release|Any CPU
		{BAC4F8EA-8A2B-488D-9400-B91B9157FE8F}.Release|Any CPU.Build.0 = Release|Any CPU
		{BAC4F8EA-8A2B-488D-9400-B91B9157FE7E}.Debug|Any CPU.ActiveCfg = Debug|Any CPU
		{BAC4F8EA-8A2B-488D-9400-B91B9157FE7E}.Debug|Any CPU.Build.0 = Debug|Any CPU
		{BAC4F8EA-8A2B-488D-9400-B91B9157FE7E}.Release|Any CPU.ActiveCfg = Release|Any CPU
		{BAC4F8EA-8A2B-488D-9400-B91B9157FE7E}.Release|Any CPU.Build.0 = Release|Any CPU
		{BAC4F8EA-8A2B-488D-9400-B91B9157FE6B}.Debug|Any CPU.ActiveCfg = Debug|Any CPU
		{BAC4F8EA-8A2B-488D-9400-B91B9157FE6B}.Debug|Any CPU.Build.0 = Debug|Any CPU
		{BAC4F8EA-8A2B-488D-9400-B91B9157FE6B}.Release|Any CPU.ActiveCfg = Release|Any CPU
		{BAC4F8EA-8A2B-488D-9400-B91B9157FE6B}.Release|Any CPU.Build.0 = Release|Any CPU
		{BAC4F8EA-8A2B-488D-9400-B91B9157FE72}.Debug|Any CPU.ActiveCfg = Debug|Any CPU
		{BAC4F8EA-8A2B-488D-9400-B91B9157FE72}.Debug|Any CPU.Build.0 = Debug|Any CPU
		{BAC4F8EA-8A2B-488D-9400-B91B9157FE72}.Release|Any CPU.ActiveCfg = Release|Any CPU
		{BAC4F8EA-8A2B-488D-9400-B91B9157FE72}.Release|Any CPU.Build.0 = Release|Any CPU
		{BAC4F8EA-8A2B-488D-9400-B91B9157FE81}.Debug|Any CPU.ActiveCfg = Debug|Any CPU
		{BAC4F8EA-8A2B-488D-9400-B91B9157FE81}.Debug|Any CPU.Build.0 = Debug|Any CPU
		{BAC4F8EA-8A2B-488D-9400-B91B9157FE81}.Release|Any CPU.ActiveCfg = Release|Any CPU
		{BAC4F8EA-8A2B-488D-9400-B91B9157FE81}.Release|Any CPU.Build.0 = Release|Any CPU
		{BAC4F8EA-8A2B-488D-9400-B91B9157FE88}.Debug|Any CPU.ActiveCfg = Debug|Any CPU
		{BAC4F8EA-8A2B-488D-9400-B91B9157FE88}.Debug|Any CPU.Build.0 = Debug|Any CPU
		{BAC4F8EA-8A2B-488D-9400-B91B9157FE88}.Release|Any CPU.ActiveCfg = Release|Any CPU
		{BAC4F8EA-8A2B-488D-9400-B91B9157FE88}.Release|Any CPU.Build.0 = Release|Any CPU
		{BAC4F8EA-8A2B-488D-9400-B91B9157FE6F}.Debug|Any CPU.ActiveCfg = Debug|Any CPU
		{BAC4F8EA-8A2B-488D-9400-B91B9157FE6F}.Debug|Any CPU.Build.0 = Debug|Any CPU
		{BAC4F8EA-8A2B-488D-9400-B91B9157FE6F}.Release|Any CPU.ActiveCfg = Release|Any CPU
		{BAC4F8EA-8A2B-488D-9400-B91B9157FE6F}.Release|Any CPU.Build.0 = Release|Any CPU
		{BAC4F8EA-8A2B-488D-9400-B91B9157FE74}.Debug|Any CPU.ActiveCfg = Debug|Any CPU
		{BAC4F8EA-8A2B-488D-9400-B91B9157FE74}.Debug|Any CPU.Build.0 = Debug|Any CPU
		{BAC4F8EA-8A2B-488D-9400-B91B9157FE74}.Release|Any CPU.ActiveCfg = Release|Any CPU
		{BAC4F8EA-8A2B-488D-9400-B91B9157FE74}.Release|Any CPU.Build.0 = Release|Any CPU
		{BAC4F8EA-8A2B-488D-9400-B91B9157FE70}.Debug|Any CPU.ActiveCfg = Debug|Any CPU
		{BAC4F8EA-8A2B-488D-9400-B91B9157FE70}.Debug|Any CPU.Build.0 = Debug|Any CPU
		{BAC4F8EA-8A2B-488D-9400-B91B9157FE70}.Release|Any CPU.ActiveCfg = Release|Any CPU
		{BAC4F8EA-8A2B-488D-9400-B91B9157FE70}.Release|Any CPU.Build.0 = Release|Any CPU
		{BAC4F8EA-8A2B-488D-9400-B91B9157FE75}.Debug|Any CPU.ActiveCfg = Debug|Any CPU
		{BAC4F8EA-8A2B-488D-9400-B91B9157FE75}.Debug|Any CPU.Build.0 = Debug|Any CPU
		{BAC4F8EA-8A2B-488D-9400-B91B9157FE75}.Release|Any CPU.ActiveCfg = Release|Any CPU
		{BAC4F8EA-8A2B-488D-9400-B91B9157FE75}.Release|Any CPU.Build.0 = Release|Any CPU
		{BAC4F8EA-8A2B-488D-9400-B91B9157FE89}.Debug|Any CPU.ActiveCfg = Debug|Any CPU
		{BAC4F8EA-8A2B-488D-9400-B91B9157FE89}.Debug|Any CPU.Build.0 = Debug|Any CPU
		{BAC4F8EA-8A2B-488D-9400-B91B9157FE89}.Release|Any CPU.ActiveCfg = Release|Any CPU
		{BAC4F8EA-8A2B-488D-9400-B91B9157FE89}.Release|Any CPU.Build.0 = Release|Any CPU
		{BAC4F8EA-8A2B-488D-9400-B91B9157FE7F}.Debug|Any CPU.ActiveCfg = Debug|Any CPU
		{BAC4F8EA-8A2B-488D-9400-B91B9157FE7F}.Debug|Any CPU.Build.0 = Debug|Any CPU
		{BAC4F8EA-8A2B-488D-9400-B91B9157FE7F}.Release|Any CPU.ActiveCfg = Release|Any CPU
		{BAC4F8EA-8A2B-488D-9400-B91B9157FE7F}.Release|Any CPU.Build.0 = Release|Any CPU
		{BAC4F8EA-8A2B-488D-9400-B91B9157FE76}.Debug|Any CPU.ActiveCfg = Debug|Any CPU
		{BAC4F8EA-8A2B-488D-9400-B91B9157FE76}.Debug|Any CPU.Build.0 = Debug|Any CPU
		{BAC4F8EA-8A2B-488D-9400-B91B9157FE76}.Release|Any CPU.ActiveCfg = Release|Any CPU
		{BAC4F8EA-8A2B-488D-9400-B91B9157FE76}.Release|Any CPU.Build.0 = Release|Any CPU
		{BAC4F8EA-8A2B-488D-9400-B91B9157FE80}.Debug|Any CPU.ActiveCfg = Debug|Any CPU
		{BAC4F8EA-8A2B-488D-9400-B91B9157FE80}.Debug|Any CPU.Build.0 = Debug|Any CPU
		{BAC4F8EA-8A2B-488D-9400-B91B9157FE80}.Release|Any CPU.ActiveCfg = Release|Any CPU
		{BAC4F8EA-8A2B-488D-9400-B91B9157FE80}.Release|Any CPU.Build.0 = Release|Any CPU
		{BAC4F8EA-8A2B-488D-9400-B91B9157FE9D}.Debug|Any CPU.ActiveCfg = Debug|Any CPU
		{BAC4F8EA-8A2B-488D-9400-B91B9157FE9D}.Debug|Any CPU.Build.0 = Debug|Any CPU
		{BAC4F8EA-8A2B-488D-9400-B91B9157FE9D}.Release|Any CPU.ActiveCfg = Release|Any CPU
		{BAC4F8EA-8A2B-488D-9400-B91B9157FE9D}.Release|Any CPU.Build.0 = Release|Any CPU
		{BAC4F8EA-8A2B-488D-9400-B91B9157FE85}.Debug|Any CPU.ActiveCfg = Debug|Any CPU
		{BAC4F8EA-8A2B-488D-9400-B91B9157FE85}.Debug|Any CPU.Build.0 = Debug|Any CPU
		{BAC4F8EA-8A2B-488D-9400-B91B9157FE85}.Release|Any CPU.ActiveCfg = Release|Any CPU
		{BAC4F8EA-8A2B-488D-9400-B91B9157FE85}.Release|Any CPU.Build.0 = Release|Any CPU
		{BAC4F8EA-8A2B-488D-9400-B91B9157FE92}.Debug|Any CPU.ActiveCfg = Debug|Any CPU
		{BAC4F8EA-8A2B-488D-9400-B91B9157FE92}.Debug|Any CPU.Build.0 = Debug|Any CPU
		{BAC4F8EA-8A2B-488D-9400-B91B9157FE92}.Release|Any CPU.ActiveCfg = Release|Any CPU
		{BAC4F8EA-8A2B-488D-9400-B91B9157FE92}.Release|Any CPU.Build.0 = Release|Any CPU
		{BAC4F8EA-8A2B-488D-9400-B91B9157FE98}.Debug|Any CPU.ActiveCfg = Debug|Any CPU
		{BAC4F8EA-8A2B-488D-9400-B91B9157FE98}.Debug|Any CPU.Build.0 = Debug|Any CPU
		{BAC4F8EA-8A2B-488D-9400-B91B9157FE98}.Release|Any CPU.ActiveCfg = Release|Any CPU
		{BAC4F8EA-8A2B-488D-9400-B91B9157FE98}.Release|Any CPU.Build.0 = Release|Any CPU
		{BAC4F8EA-8A2B-488D-9400-B91B9157FE94}.Debug|Any CPU.ActiveCfg = Debug|Any CPU
		{BAC4F8EA-8A2B-488D-9400-B91B9157FE94}.Debug|Any CPU.Build.0 = Debug|Any CPU
		{BAC4F8EA-8A2B-488D-9400-B91B9157FE94}.Release|Any CPU.ActiveCfg = Release|Any CPU
		{BAC4F8EA-8A2B-488D-9400-B91B9157FE94}.Release|Any CPU.Build.0 = Release|Any CPU
		{BAC4F8EA-8A2B-488D-9400-B91B9157FE9C}.Debug|Any CPU.ActiveCfg = Debug|Any CPU
		{BAC4F8EA-8A2B-488D-9400-B91B9157FE9C}.Debug|Any CPU.Build.0 = Debug|Any CPU
		{BAC4F8EA-8A2B-488D-9400-B91B9157FE9C}.Release|Any CPU.ActiveCfg = Release|Any CPU
		{BAC4F8EA-8A2B-488D-9400-B91B9157FE9C}.Release|Any CPU.Build.0 = Release|Any CPU
		{BAC4F8EA-8A2B-488D-9400-B91B9157FE86}.Debug|Any CPU.ActiveCfg = Debug|Any CPU
		{BAC4F8EA-8A2B-488D-9400-B91B9157FE86}.Debug|Any CPU.Build.0 = Debug|Any CPU
		{BAC4F8EA-8A2B-488D-9400-B91B9157FE86}.Release|Any CPU.ActiveCfg = Release|Any CPU
		{BAC4F8EA-8A2B-488D-9400-B91B9157FE86}.Release|Any CPU.Build.0 = Release|Any CPU
		{BAC4F8EA-8A2B-488D-9400-B91B9157FE87}.Debug|Any CPU.ActiveCfg = Debug|Any CPU
		{BAC4F8EA-8A2B-488D-9400-B91B9157FE87}.Debug|Any CPU.Build.0 = Debug|Any CPU
		{BAC4F8EA-8A2B-488D-9400-B91B9157FE87}.Release|Any CPU.ActiveCfg = Release|Any CPU
		{BAC4F8EA-8A2B-488D-9400-B91B9157FE87}.Release|Any CPU.Build.0 = Release|Any CPU
		{BAC4F8EA-8A2B-488D-9400-B91B9157FE77}.Debug|Any CPU.ActiveCfg = Debug|Any CPU
		{BAC4F8EA-8A2B-488D-9400-B91B9157FE77}.Debug|Any CPU.Build.0 = Debug|Any CPU
		{BAC4F8EA-8A2B-488D-9400-B91B9157FE77}.Release|Any CPU.ActiveCfg = Release|Any CPU
		{BAC4F8EA-8A2B-488D-9400-B91B9157FE77}.Release|Any CPU.Build.0 = Release|Any CPU
		{BAC4F8EA-8A2B-488D-9400-B91B9157FE91}.Debug|Any CPU.ActiveCfg = Debug|Any CPU
		{BAC4F8EA-8A2B-488D-9400-B91B9157FE91}.Debug|Any CPU.Build.0 = Debug|Any CPU
		{BAC4F8EA-8A2B-488D-9400-B91B9157FE91}.Release|Any CPU.ActiveCfg = Release|Any CPU
		{BAC4F8EA-8A2B-488D-9400-B91B9157FE91}.Release|Any CPU.Build.0 = Release|Any CPU
		{BAC4F8EA-8A2B-488D-9400-B91B9157FE8E}.Debug|Any CPU.ActiveCfg = Debug|Any CPU
		{BAC4F8EA-8A2B-488D-9400-B91B9157FE8E}.Debug|Any CPU.Build.0 = Debug|Any CPU
		{BAC4F8EA-8A2B-488D-9400-B91B9157FE8E}.Release|Any CPU.ActiveCfg = Release|Any CPU
		{BAC4F8EA-8A2B-488D-9400-B91B9157FE8E}.Release|Any CPU.Build.0 = Release|Any CPU
		{BAC4F8EA-8A2B-488D-9400-B91B9157FE8A}.Debug|Any CPU.ActiveCfg = Debug|Any CPU
		{BAC4F8EA-8A2B-488D-9400-B91B9157FE8A}.Debug|Any CPU.Build.0 = Debug|Any CPU
		{BAC4F8EA-8A2B-488D-9400-B91B9157FE8A}.Release|Any CPU.ActiveCfg = Release|Any CPU
		{BAC4F8EA-8A2B-488D-9400-B91B9157FE8A}.Release|Any CPU.Build.0 = Release|Any CPU
		{BAC4F8EA-8A2B-488D-9400-B91B9157FE78}.Debug|Any CPU.ActiveCfg = Debug|Any CPU
		{BAC4F8EA-8A2B-488D-9400-B91B9157FE78}.Debug|Any CPU.Build.0 = Debug|Any CPU
		{BAC4F8EA-8A2B-488D-9400-B91B9157FE78}.Release|Any CPU.ActiveCfg = Release|Any CPU
		{BAC4F8EA-8A2B-488D-9400-B91B9157FE78}.Release|Any CPU.Build.0 = Release|Any CPU
		{BAC4F8EA-8A2B-488D-9400-B91B9157FE8B}.Debug|Any CPU.ActiveCfg = Debug|Any CPU
		{BAC4F8EA-8A2B-488D-9400-B91B9157FE8B}.Debug|Any CPU.Build.0 = Debug|Any CPU
		{BAC4F8EA-8A2B-488D-9400-B91B9157FE8B}.Release|Any CPU.ActiveCfg = Release|Any CPU
		{BAC4F8EA-8A2B-488D-9400-B91B9157FE8B}.Release|Any CPU.Build.0 = Release|Any CPU
		{BAC4F8EA-8A2B-488D-9400-B91B9157FE8C}.Debug|Any CPU.ActiveCfg = Debug|Any CPU
		{BAC4F8EA-8A2B-488D-9400-B91B9157FE8C}.Debug|Any CPU.Build.0 = Debug|Any CPU
		{BAC4F8EA-8A2B-488D-9400-B91B9157FE8C}.Release|Any CPU.ActiveCfg = Release|Any CPU
		{BAC4F8EA-8A2B-488D-9400-B91B9157FE8C}.Release|Any CPU.Build.0 = Release|Any CPU
		{BAC4F8EA-8A2B-488D-9400-B91B9157FE9E}.Debug|Any CPU.ActiveCfg = Debug|Any CPU
		{BAC4F8EA-8A2B-488D-9400-B91B9157FE9E}.Debug|Any CPU.Build.0 = Debug|Any CPU
		{BAC4F8EA-8A2B-488D-9400-B91B9157FE9E}.Release|Any CPU.ActiveCfg = Release|Any CPU
		{BAC4F8EA-8A2B-488D-9400-B91B9157FE9E}.Release|Any CPU.Build.0 = Release|Any CPU
		{BAC4F8EA-8A2B-488D-9400-B91B9157FE8D}.Debug|Any CPU.ActiveCfg = Debug|Any CPU
		{BAC4F8EA-8A2B-488D-9400-B91B9157FE8D}.Debug|Any CPU.Build.0 = Debug|Any CPU
		{BAC4F8EA-8A2B-488D-9400-B91B9157FE8D}.Release|Any CPU.ActiveCfg = Release|Any CPU
		{BAC4F8EA-8A2B-488D-9400-B91B9157FE8D}.Release|Any CPU.Build.0 = Release|Any CPU
		{BAC4F8EA-8A2B-488D-9400-B91B9157FE9F}.Debug|Any CPU.ActiveCfg = Debug|Any CPU
		{BAC4F8EA-8A2B-488D-9400-B91B9157FE9F}.Debug|Any CPU.Build.0 = Debug|Any CPU
		{BAC4F8EA-8A2B-488D-9400-B91B9157FE9F}.Release|Any CPU.ActiveCfg = Release|Any CPU
		{BAC4F8EA-8A2B-488D-9400-B91B9157FE9F}.Release|Any CPU.Build.0 = Release|Any CPU
		{BAC4F8EA-8A2B-488D-9400-B91B9157FE6D}.Debug|Any CPU.ActiveCfg = Debug|Any CPU
		{BAC4F8EA-8A2B-488D-9400-B91B9157FE6D}.Debug|Any CPU.Build.0 = Debug|Any CPU
		{BAC4F8EA-8A2B-488D-9400-B91B9157FE6D}.Release|Any CPU.ActiveCfg = Release|Any CPU
		{BAC4F8EA-8A2B-488D-9400-B91B9157FE6D}.Release|Any CPU.Build.0 = Release|Any CPU
		{BAC4F8EA-8A2B-488D-9400-B91B9157FEA0}.Debug|Any CPU.ActiveCfg = Debug|Any CPU
		{BAC4F8EA-8A2B-488D-9400-B91B9157FEA0}.Debug|Any CPU.Build.0 = Debug|Any CPU
		{BAC4F8EA-8A2B-488D-9400-B91B9157FEA0}.Release|Any CPU.ActiveCfg = Release|Any CPU
		{BAC4F8EA-8A2B-488D-9400-B91B9157FEA0}.Release|Any CPU.Build.0 = Release|Any CPU
		{BAC4F8EA-8A2B-488D-9400-B91B9157FE79}.Debug|Any CPU.ActiveCfg = Debug|Any CPU
		{BAC4F8EA-8A2B-488D-9400-B91B9157FE79}.Debug|Any CPU.Build.0 = Debug|Any CPU
		{BAC4F8EA-8A2B-488D-9400-B91B9157FE79}.Release|Any CPU.ActiveCfg = Release|Any CPU
		{BAC4F8EA-8A2B-488D-9400-B91B9157FE79}.Release|Any CPU.Build.0 = Release|Any CPU
		{BAC4F8EA-8A2B-488D-9400-B91B9157FE90}.Debug|Any CPU.ActiveCfg = Debug|Any CPU
		{BAC4F8EA-8A2B-488D-9400-B91B9157FE90}.Debug|Any CPU.Build.0 = Debug|Any CPU
		{BAC4F8EA-8A2B-488D-9400-B91B9157FE90}.Release|Any CPU.ActiveCfg = Release|Any CPU
		{BAC4F8EA-8A2B-488D-9400-B91B9157FE90}.Release|Any CPU.Build.0 = Release|Any CPU
		{BAC4F8EA-8A2B-488D-9400-B91B9157FE95}.Debug|Any CPU.ActiveCfg = Debug|Any CPU
		{BAC4F8EA-8A2B-488D-9400-B91B9157FE95}.Debug|Any CPU.Build.0 = Debug|Any CPU
		{BAC4F8EA-8A2B-488D-9400-B91B9157FE95}.Release|Any CPU.ActiveCfg = Release|Any CPU
		{BAC4F8EA-8A2B-488D-9400-B91B9157FE95}.Release|Any CPU.Build.0 = Release|Any CPU
		{BAC4F8EA-8A2B-488D-9400-B91B9157FE7A}.Debug|Any CPU.ActiveCfg = Debug|Any CPU
		{BAC4F8EA-8A2B-488D-9400-B91B9157FE7A}.Debug|Any CPU.Build.0 = Debug|Any CPU
		{BAC4F8EA-8A2B-488D-9400-B91B9157FE7A}.Release|Any CPU.ActiveCfg = Release|Any CPU
		{BAC4F8EA-8A2B-488D-9400-B91B9157FE7A}.Release|Any CPU.Build.0 = Release|Any CPU
		{BAC4F8EA-8A2B-488D-9400-B91B9157FEA1}.Debug|Any CPU.ActiveCfg = Debug|Any CPU
		{BAC4F8EA-8A2B-488D-9400-B91B9157FEA1}.Debug|Any CPU.Build.0 = Debug|Any CPU
		{BAC4F8EA-8A2B-488D-9400-B91B9157FEA1}.Release|Any CPU.ActiveCfg = Release|Any CPU
		{BAC4F8EA-8A2B-488D-9400-B91B9157FEA1}.Release|Any CPU.Build.0 = Release|Any CPU
		{BAC4F8EA-8A2B-488D-9400-B91B9157FE99}.Debug|Any CPU.ActiveCfg = Debug|Any CPU
		{BAC4F8EA-8A2B-488D-9400-B91B9157FE99}.Debug|Any CPU.Build.0 = Debug|Any CPU
		{BAC4F8EA-8A2B-488D-9400-B91B9157FE99}.Release|Any CPU.ActiveCfg = Release|Any CPU
		{BAC4F8EA-8A2B-488D-9400-B91B9157FE99}.Release|Any CPU.Build.0 = Release|Any CPU
		{BAC4F8EA-8A2B-488D-9400-B91B9157FEA3}.Debug|Any CPU.ActiveCfg = Debug|Any CPU
		{BAC4F8EA-8A2B-488D-9400-B91B9157FEA3}.Debug|Any CPU.Build.0 = Debug|Any CPU
		{BAC4F8EA-8A2B-488D-9400-B91B9157FEA3}.Release|Any CPU.ActiveCfg = Release|Any CPU
		{BAC4F8EA-8A2B-488D-9400-B91B9157FEA3}.Release|Any CPU.Build.0 = Release|Any CPU
		{BAC4F8EA-8A2B-488D-9400-B91B9157FE7B}.Debug|Any CPU.ActiveCfg = Debug|Any CPU
		{BAC4F8EA-8A2B-488D-9400-B91B9157FE7B}.Debug|Any CPU.Build.0 = Debug|Any CPU
		{BAC4F8EA-8A2B-488D-9400-B91B9157FE7B}.Release|Any CPU.ActiveCfg = Release|Any CPU
		{BAC4F8EA-8A2B-488D-9400-B91B9157FE7B}.Release|Any CPU.Build.0 = Release|Any CPU
		{BAC4F8EA-8A2B-488D-9400-B91B9157FE71}.Debug|Any CPU.ActiveCfg = Debug|Any CPU
		{BAC4F8EA-8A2B-488D-9400-B91B9157FE71}.Debug|Any CPU.Build.0 = Debug|Any CPU
		{BAC4F8EA-8A2B-488D-9400-B91B9157FE71}.Release|Any CPU.ActiveCfg = Release|Any CPU
		{BAC4F8EA-8A2B-488D-9400-B91B9157FE71}.Release|Any CPU.Build.0 = Release|Any CPU
		{BAC4F8EA-8A2B-488D-9400-B91B9157FE9A}.Debug|Any CPU.ActiveCfg = Debug|Any CPU
		{BAC4F8EA-8A2B-488D-9400-B91B9157FE9A}.Debug|Any CPU.Build.0 = Debug|Any CPU
		{BAC4F8EA-8A2B-488D-9400-B91B9157FE9A}.Release|Any CPU.ActiveCfg = Release|Any CPU
		{BAC4F8EA-8A2B-488D-9400-B91B9157FE9A}.Release|Any CPU.Build.0 = Release|Any CPU
		{BAC4F8EA-8A2B-488D-9400-B91B9157FEA4}.Debug|Any CPU.ActiveCfg = Debug|Any CPU
		{BAC4F8EA-8A2B-488D-9400-B91B9157FEA4}.Debug|Any CPU.Build.0 = Debug|Any CPU
		{BAC4F8EA-8A2B-488D-9400-B91B9157FEA4}.Release|Any CPU.ActiveCfg = Release|Any CPU
		{BAC4F8EA-8A2B-488D-9400-B91B9157FEA4}.Release|Any CPU.Build.0 = Release|Any CPU
		{BAC4F8EA-8A2B-488D-9400-B91B9157FEA5}.Debug|Any CPU.ActiveCfg = Debug|Any CPU
		{BAC4F8EA-8A2B-488D-9400-B91B9157FEA5}.Debug|Any CPU.Build.0 = Debug|Any CPU
		{BAC4F8EA-8A2B-488D-9400-B91B9157FEA5}.Release|Any CPU.ActiveCfg = Release|Any CPU
		{BAC4F8EA-8A2B-488D-9400-B91B9157FEA5}.Release|Any CPU.Build.0 = Release|Any CPU
		{BAC4F8EA-8A2B-488D-9400-B91B9157FEA6}.Debug|Any CPU.ActiveCfg = Debug|Any CPU
		{BAC4F8EA-8A2B-488D-9400-B91B9157FEA6}.Debug|Any CPU.Build.0 = Debug|Any CPU
		{BAC4F8EA-8A2B-488D-9400-B91B9157FEA6}.Release|Any CPU.ActiveCfg = Release|Any CPU
		{BAC4F8EA-8A2B-488D-9400-B91B9157FEA6}.Release|Any CPU.Build.0 = Release|Any CPU
		{BAC4F8EA-8A2B-488D-9400-B91B9157FE96}.Debug|Any CPU.ActiveCfg = Debug|Any CPU
		{BAC4F8EA-8A2B-488D-9400-B91B9157FE96}.Debug|Any CPU.Build.0 = Debug|Any CPU
		{BAC4F8EA-8A2B-488D-9400-B91B9157FE96}.Release|Any CPU.ActiveCfg = Release|Any CPU
		{BAC4F8EA-8A2B-488D-9400-B91B9157FE96}.Release|Any CPU.Build.0 = Release|Any CPU
		{BAC4F8EA-8A2B-488D-9400-B91B9157FE82}.Debug|Any CPU.ActiveCfg = Debug|Any CPU
		{BAC4F8EA-8A2B-488D-9400-B91B9157FE82}.Debug|Any CPU.Build.0 = Debug|Any CPU
		{BAC4F8EA-8A2B-488D-9400-B91B9157FE82}.Release|Any CPU.ActiveCfg = Release|Any CPU
		{BAC4F8EA-8A2B-488D-9400-B91B9157FE82}.Release|Any CPU.Build.0 = Release|Any CPU
		{BAC4F8EA-8A2B-488D-9400-B91B9157FE97}.Debug|Any CPU.ActiveCfg = Debug|Any CPU
		{BAC4F8EA-8A2B-488D-9400-B91B9157FE97}.Debug|Any CPU.Build.0 = Debug|Any CPU
		{BAC4F8EA-8A2B-488D-9400-B91B9157FE97}.Release|Any CPU.ActiveCfg = Release|Any CPU
		{BAC4F8EA-8A2B-488D-9400-B91B9157FE97}.Release|Any CPU.Build.0 = Release|Any CPU
		{BAC4F8EA-8A2B-488D-9400-B91B9157FEA7}.Debug|Any CPU.ActiveCfg = Debug|Any CPU
		{BAC4F8EA-8A2B-488D-9400-B91B9157FEA7}.Debug|Any CPU.Build.0 = Debug|Any CPU
		{BAC4F8EA-8A2B-488D-9400-B91B9157FEA7}.Release|Any CPU.ActiveCfg = Release|Any CPU
		{BAC4F8EA-8A2B-488D-9400-B91B9157FEA7}.Release|Any CPU.Build.0 = Release|Any CPU
		{BAC4F8EA-8A2B-488D-9400-B91B9157FEA8}.Debug|Any CPU.ActiveCfg = Debug|Any CPU
		{BAC4F8EA-8A2B-488D-9400-B91B9157FEA8}.Debug|Any CPU.Build.0 = Debug|Any CPU
		{BAC4F8EA-8A2B-488D-9400-B91B9157FEA8}.Release|Any CPU.ActiveCfg = Release|Any CPU
		{BAC4F8EA-8A2B-488D-9400-B91B9157FEA8}.Release|Any CPU.Build.0 = Release|Any CPU
		{BAC4F8EA-8A2B-488D-9400-B91B9157FE7C}.Debug|Any CPU.ActiveCfg = Debug|Any CPU
		{BAC4F8EA-8A2B-488D-9400-B91B9157FE7C}.Debug|Any CPU.Build.0 = Debug|Any CPU
		{BAC4F8EA-8A2B-488D-9400-B91B9157FE7C}.Release|Any CPU.ActiveCfg = Release|Any CPU
		{BAC4F8EA-8A2B-488D-9400-B91B9157FE7C}.Release|Any CPU.Build.0 = Release|Any CPU
		{BAC4F8EA-8A2B-488D-9400-B91B9157FE7D}.Debug|Any CPU.ActiveCfg = Debug|Any CPU
		{BAC4F8EA-8A2B-488D-9400-B91B9157FE7D}.Debug|Any CPU.Build.0 = Debug|Any CPU
		{BAC4F8EA-8A2B-488D-9400-B91B9157FE7D}.Release|Any CPU.ActiveCfg = Release|Any CPU
		{BAC4F8EA-8A2B-488D-9400-B91B9157FE7D}.Release|Any CPU.Build.0 = Release|Any CPU
		{BAC4F8EA-8A2B-488D-9400-B91B9157FE83}.Debug|Any CPU.ActiveCfg = Debug|Any CPU
		{BAC4F8EA-8A2B-488D-9400-B91B9157FE83}.Debug|Any CPU.Build.0 = Debug|Any CPU
		{BAC4F8EA-8A2B-488D-9400-B91B9157FE83}.Release|Any CPU.ActiveCfg = Release|Any CPU
		{BAC4F8EA-8A2B-488D-9400-B91B9157FE83}.Release|Any CPU.Build.0 = Release|Any CPU
		{BAC4F8EA-8A2B-488D-9400-B91B9157FE6C}.Debug|Any CPU.ActiveCfg = Debug|Any CPU
		{BAC4F8EA-8A2B-488D-9400-B91B9157FE6C}.Debug|Any CPU.Build.0 = Debug|Any CPU
		{BAC4F8EA-8A2B-488D-9400-B91B9157FE6C}.Release|Any CPU.ActiveCfg = Release|Any CPU
		{BAC4F8EA-8A2B-488D-9400-B91B9157FE6C}.Release|Any CPU.Build.0 = Release|Any CPU
		{BAC4F8EA-8A2B-488D-9400-B91B9157FEA9}.Debug|Any CPU.ActiveCfg = Debug|Any CPU
		{BAC4F8EA-8A2B-488D-9400-B91B9157FEA9}.Debug|Any CPU.Build.0 = Debug|Any CPU
		{BAC4F8EA-8A2B-488D-9400-B91B9157FEA9}.Release|Any CPU.ActiveCfg = Release|Any CPU
		{BAC4F8EA-8A2B-488D-9400-B91B9157FEA9}.Release|Any CPU.Build.0 = Release|Any CPU
		{BAC4F8EA-8A2B-488D-9400-B91B9157FEAA}.Debug|Any CPU.ActiveCfg = Debug|Any CPU
		{BAC4F8EA-8A2B-488D-9400-B91B9157FEAA}.Debug|Any CPU.Build.0 = Debug|Any CPU
		{BAC4F8EA-8A2B-488D-9400-B91B9157FEAA}.Release|Any CPU.ActiveCfg = Release|Any CPU
		{BAC4F8EA-8A2B-488D-9400-B91B9157FEAA}.Release|Any CPU.Build.0 = Release|Any CPU
	EndGlobalSection
	GlobalSection(SolutionProperties) = preSolution
		HideSolutionNode = FALSE
	EndGlobalSection
EndGlobal
